// !$*UTF8*$!
{
	archiveVersion = 1;
	classes = {
	};
	objectVersion = 45;
	objects = {

/* Begin PBXBuildFile section */
		060D17E1133E94E900A40E6C /* Twitter for iPhone.png in Resources */ = {isa = PBXBuildFile; fileRef = 060D17DF133E94E900A40E6C /* Twitter for iPhone.png */; };
		060D17E2133E94E900A40E6C /* Twitter for iPhone@2x.png in Resources */ = {isa = PBXBuildFile; fileRef = 060D17E0133E94E900A40E6C /* Twitter for iPhone@2x.png */; };
		060D17E5133E99B700A40E6C /* Twitterrific@2x.png in Resources */ = {isa = PBXBuildFile; fileRef = 060D17E3133E99B700A40E6C /* Twitterrific@2x.png */; };
		060D17E6133E99B700A40E6C /* Twitterrific.png in Resources */ = {isa = PBXBuildFile; fileRef = 060D17E4133E99B700A40E6C /* Twitterrific.png */; };
		06367DD513A3E88700085A75 /* Tweetbot.png in Resources */ = {isa = PBXBuildFile; fileRef = 06367DD313A3E88700085A75 /* Tweetbot.png */; };
		06367DD613A3E88700085A75 /* Tweetbot@2x.png in Resources */ = {isa = PBXBuildFile; fileRef = 06367DD413A3E88700085A75 /* Tweetbot@2x.png */; };
		1D60589B0D05DD56006BFB54 /* main.m in Sources */ = {isa = PBXBuildFile; fileRef = 29B97316FDCFA39411CA2CEA /* main.m */; };
		1D60589F0D05DD5A006BFB54 /* Foundation.framework in Frameworks */ = {isa = PBXBuildFile; fileRef = 1D30AB110D05D00D00671497 /* Foundation.framework */; };
		1DF5F4E00D08C38300B7A737 /* UIKit.framework in Frameworks */ = {isa = PBXBuildFile; fileRef = 1DF5F4DF0D08C38300B7A737 /* UIKit.framework */; };
		288765A50DF7441C002DB57D /* CoreGraphics.framework in Frameworks */ = {isa = PBXBuildFile; fileRef = 288765A40DF7441C002DB57D /* CoreGraphics.framework */; };
		3ACD6777105AC14100CC3E12 /* TwitThisAppDelegate.m in Sources */ = {isa = PBXBuildFile; fileRef = 3ACD6772105AC14100CC3E12 /* TwitThisAppDelegate.m */; };
		3ACD677D105AC16A00CC3E12 /* MainWindow.xib in Resources */ = {isa = PBXBuildFile; fileRef = 3ACD677B105AC16A00CC3E12 /* MainWindow.xib */; };
		3ACD6797105AC1C100CC3E12 /* TwitThisViewController.m in Sources */ = {isa = PBXBuildFile; fileRef = 3ACD6795105AC1C100CC3E12 /* TwitThisViewController.m */; };
		3ACD67A3105AC20C00CC3E12 /* TwitterClient.m in Sources */ = {isa = PBXBuildFile; fileRef = 3ACD67A0105AC20C00CC3E12 /* TwitterClient.m */; };
		3ACD67A4105AC20C00CC3E12 /* TwitterClientManager.m in Sources */ = {isa = PBXBuildFile; fileRef = 3ACD67A2105AC20C00CC3E12 /* TwitterClientManager.m */; };
		3ACD67BD105AC25900CC3E12 /* Settings.bundle in Resources */ = {isa = PBXBuildFile; fileRef = 3ACD67BC105AC25900CC3E12 /* Settings.bundle */; };
		3ACD67C2105AC26100CC3E12 /* TwitterClients.plist in Resources */ = {isa = PBXBuildFile; fileRef = 3ACD67C1105AC26100CC3E12 /* TwitterClients.plist */; };
		3ACD67F6105AC63400CC3E12 /* Twittelator.png in Resources */ = {isa = PBXBuildFile; fileRef = 3ACD67F2105AC63400CC3E12 /* Twittelator.png */; };
		3ACD6846105AC9F300CC3E12 /* icon.png in Resources */ = {isa = PBXBuildFile; fileRef = 3ACD6845105AC9F300CC3E12 /* icon.png */; };
		3ACD6854105ACA6800CC3E12 /* Default.png in Resources */ = {isa = PBXBuildFile; fileRef = 3ACD6853105ACA6800CC3E12 /* Default.png */; };
		3ACD68CD105AD34800CC3E12 /* Entitlements.plist in Resources */ = {isa = PBXBuildFile; fileRef = 3ACD68CC105AD34800CC3E12 /* Entitlements.plist */; };
/* End PBXBuildFile section */

/* Begin PBXFileReference section */
		060D17DF133E94E900A40E6C /* Twitter for iPhone.png */ = {isa = PBXFileReference; lastKnownFileType = image.png; path = "Twitter for iPhone.png"; sourceTree = "<group>"; };
		060D17E0133E94E900A40E6C /* Twitter for iPhone@2x.png */ = {isa = PBXFileReference; lastKnownFileType = image.png; path = "Twitter for iPhone@2x.png"; sourceTree = "<group>"; };
		060D17E3133E99B700A40E6C /* Twitterrific@2x.png */ = {isa = PBXFileReference; lastKnownFileType = image.png; path = "Twitterrific@2x.png"; sourceTree = "<group>"; };
		060D17E4133E99B700A40E6C /* Twitterrific.png */ = {isa = PBXFileReference; lastKnownFileType = image.png; path = Twitterrific.png; sourceTree = "<group>"; };
		06367DD313A3E88700085A75 /* Tweetbot.png */ = {isa = PBXFileReference; lastKnownFileType = image.png; path = Tweetbot.png; sourceTree = "<group>"; };
		06367DD413A3E88700085A75 /* Tweetbot@2x.png */ = {isa = PBXFileReference; lastKnownFileType = image.png; path = "Tweetbot@2x.png"; sourceTree = "<group>"; };
		1D30AB110D05D00D00671497 /* Foundation.framework */ = {isa = PBXFileReference; lastKnownFileType = wrapper.framework; name = Foundation.framework; path = System/Library/Frameworks/Foundation.framework; sourceTree = SDKROOT; };
		1D6058910D05DD3D006BFB54 /* TwitThis.app */ = {isa = PBXFileReference; explicitFileType = wrapper.application; includeInIndex = 0; path = TwitThis.app; sourceTree = BUILT_PRODUCTS_DIR; };
		1DF5F4DF0D08C38300B7A737 /* UIKit.framework */ = {isa = PBXFileReference; lastKnownFileType = wrapper.framework; name = UIKit.framework; path = System/Library/Frameworks/UIKit.framework; sourceTree = SDKROOT; };
		288765A40DF7441C002DB57D /* CoreGraphics.framework */ = {isa = PBXFileReference; lastKnownFileType = wrapper.framework; name = CoreGraphics.framework; path = System/Library/Frameworks/CoreGraphics.framework; sourceTree = SDKROOT; };
		29B97316FDCFA39411CA2CEA /* main.m */ = {isa = PBXFileReference; fileEncoding = 4; lastKnownFileType = sourcecode.c.objc; path = main.m; sourceTree = "<group>"; };
		32CA4F630368D1EE00C91783 /* TwitThis_Prefix.pch */ = {isa = PBXFileReference; fileEncoding = 4; lastKnownFileType = sourcecode.c.h; path = TwitThis_Prefix.pch; sourceTree = "<group>"; };
		3A4E1C19108BB4FD00FF1E9F /* SynthesizeSingleton.h */ = {isa = PBXFileReference; fileEncoding = 4; lastKnownFileType = sourcecode.c.h; path = SynthesizeSingleton.h; sourceTree = "<group>"; };
		3ACD6771105AC14100CC3E12 /* TwitThisAppDelegate.h */ = {isa = PBXFileReference; fileEncoding = 4; lastKnownFileType = sourcecode.c.h; path = TwitThisAppDelegate.h; sourceTree = "<group>"; };
		3ACD6772105AC14100CC3E12 /* TwitThisAppDelegate.m */ = {isa = PBXFileReference; fileEncoding = 4; lastKnownFileType = sourcecode.c.objc; path = TwitThisAppDelegate.m; sourceTree = "<group>"; };
		3ACD677B105AC16A00CC3E12 /* MainWindow.xib */ = {isa = PBXFileReference; lastKnownFileType = file.xib; path = MainWindow.xib; sourceTree = "<group>"; };
		3ACD6794105AC1C100CC3E12 /* TwitThisViewController.h */ = {isa = PBXFileReference; fileEncoding = 4; lastKnownFileType = sourcecode.c.h; path = TwitThisViewController.h; sourceTree = "<group>"; };
		3ACD6795105AC1C100CC3E12 /* TwitThisViewController.m */ = {isa = PBXFileReference; fileEncoding = 4; lastKnownFileType = sourcecode.c.objc; path = TwitThisViewController.m; sourceTree = "<group>"; };
		3ACD679F105AC20C00CC3E12 /* TwitterClient.h */ = {isa = PBXFileReference; fileEncoding = 4; lastKnownFileType = sourcecode.c.h; path = TwitterClient.h; sourceTree = "<group>"; };
		3ACD67A0105AC20C00CC3E12 /* TwitterClient.m */ = {isa = PBXFileReference; fileEncoding = 4; lastKnownFileType = sourcecode.c.objc; path = TwitterClient.m; sourceTree = "<group>"; };
		3ACD67A1105AC20C00CC3E12 /* TwitterClientManager.h */ = {isa = PBXFileReference; fileEncoding = 4; lastKnownFileType = sourcecode.c.h; path = TwitterClientManager.h; sourceTree = "<group>"; };
		3ACD67A2105AC20C00CC3E12 /* TwitterClientManager.m */ = {isa = PBXFileReference; fileEncoding = 4; lastKnownFileType = sourcecode.c.objc; path = TwitterClientManager.m; sourceTree = "<group>"; };
		3ACD67B8105AC23000CC3E12 /* Definitions.h */ = {isa = PBXFileReference; fileEncoding = 4; lastKnownFileType = sourcecode.c.h; path = Definitions.h; sourceTree = "<group>"; };
		3ACD67BC105AC25900CC3E12 /* Settings.bundle */ = {isa = PBXFileReference; lastKnownFileType = "wrapper.plug-in"; path = Settings.bundle; sourceTree = "<group>"; };
		3ACD67C1105AC26100CC3E12 /* TwitterClients.plist */ = {isa = PBXFileReference; fileEncoding = 4; lastKnownFileType = text.plist.xml; path = TwitterClients.plist; sourceTree = "<group>"; };
		3ACD67F2105AC63400CC3E12 /* Twittelator.png */ = {isa = PBXFileReference; lastKnownFileType = image.png; path = Twittelator.png; sourceTree = "<group>"; };
		3ACD6845105AC9F300CC3E12 /* icon.png */ = {isa = PBXFileReference; lastKnownFileType = image.png; path = icon.png; sourceTree = "<group>"; };
		3ACD6853105ACA6800CC3E12 /* Default.png */ = {isa = PBXFileReference; lastKnownFileType = image.png; path = Default.png; sourceTree = "<group>"; };
		3ACD68CC105AD34800CC3E12 /* Entitlements.plist */ = {isa = PBXFileReference; fileEncoding = 4; lastKnownFileType = text.plist.xml; path = Entitlements.plist; sourceTree = "<group>"; };
		8D1107310486CEB800E47090 /* TwitThis-Info.plist */ = {isa = PBXFileReference; fileEncoding = 4; lastKnownFileType = text.plist.xml; name = "TwitThis-Info.plist"; path = "../TwitThis-Info.plist"; plistStructureDefinitionIdentifier = "com.apple.xcode.plist.structure-definition.iphone.info-plist"; sourceTree = "<group>"; };
/* End PBXFileReference section */

/* Begin PBXFrameworksBuildPhase section */
		1D60588F0D05DD3D006BFB54 /* Frameworks */ = {
			isa = PBXFrameworksBuildPhase;
			buildActionMask = 2147483647;
			files = (
				1D60589F0D05DD5A006BFB54 /* Foundation.framework in Frameworks */,
				1DF5F4E00D08C38300B7A737 /* UIKit.framework in Frameworks */,
				288765A50DF7441C002DB57D /* CoreGraphics.framework in Frameworks */,
			);
			runOnlyForDeploymentPostprocessing = 0;
		};
/* End PBXFrameworksBuildPhase section */

/* Begin PBXGroup section */
		19C28FACFE9D520D11CA2CBB /* Products */ = {
			isa = PBXGroup;
			children = (
				1D6058910D05DD3D006BFB54 /* TwitThis.app */,
			);
			name = Products;
			sourceTree = "<group>";
		};
		29B97314FDCFA39411CA2CEA /* CustomTemplate */ = {
			isa = PBXGroup;
			children = (
				3ACD676F105AC14100CC3E12 /* Classes */,
				29B97315FDCFA39411CA2CEA /* Other Sources */,
				3ACD6779105AC16A00CC3E12 /* Resources */,
				29B97323FDCFA39411CA2CEA /* Frameworks */,
				19C28FACFE9D520D11CA2CBB /* Products */,
			);
			name = CustomTemplate;
			sourceTree = "<group>";
		};
		29B97315FDCFA39411CA2CEA /* Other Sources */ = {
			isa = PBXGroup;
			children = (
				3ACD67B8105AC23000CC3E12 /* Definitions.h */,
				32CA4F630368D1EE00C91783 /* TwitThis_Prefix.pch */,
				29B97316FDCFA39411CA2CEA /* main.m */,
			);
			name = "Other Sources";
			sourceTree = "<group>";
		};
		29B97323FDCFA39411CA2CEA /* Frameworks */ = {
			isa = PBXGroup;
			children = (
				1DF5F4DF0D08C38300B7A737 /* UIKit.framework */,
				1D30AB110D05D00D00671497 /* Foundation.framework */,
				288765A40DF7441C002DB57D /* CoreGraphics.framework */,
			);
			name = Frameworks;
			sourceTree = "<group>";
		};
		3ACD676F105AC14100CC3E12 /* Classes */ = {
			isa = PBXGroup;
			children = (
				3ACD6770105AC14100CC3E12 /* AppDelegate */,
				3ACD6773105AC14100CC3E12 /* Controllers */,
				3ACD6776105AC14100CC3E12 /* Helpers */,
			);
			path = Classes;
			sourceTree = "<group>";
		};
		3ACD6770105AC14100CC3E12 /* AppDelegate */ = {
			isa = PBXGroup;
			children = (
				3ACD6771105AC14100CC3E12 /* TwitThisAppDelegate.h */,
				3ACD6772105AC14100CC3E12 /* TwitThisAppDelegate.m */,
			);
			path = AppDelegate;
			sourceTree = "<group>";
		};
		3ACD6773105AC14100CC3E12 /* Controllers */ = {
			isa = PBXGroup;
			children = (
				3ACD6794105AC1C100CC3E12 /* TwitThisViewController.h */,
				3ACD6795105AC1C100CC3E12 /* TwitThisViewController.m */,
			);
			path = Controllers;
			sourceTree = "<group>";
		};
		3ACD6776105AC14100CC3E12 /* Helpers */ = {
			isa = PBXGroup;
			children = (
				3A4E1C19108BB4FD00FF1E9F /* SynthesizeSingleton.h */,
				3ACD679F105AC20C00CC3E12 /* TwitterClient.h */,
				3ACD67A0105AC20C00CC3E12 /* TwitterClient.m */,
				3ACD67A1105AC20C00CC3E12 /* TwitterClientManager.h */,
				3ACD67A2105AC20C00CC3E12 /* TwitterClientManager.m */,
			);
			path = Helpers;
			sourceTree = "<group>";
		};
		3ACD6779105AC16A00CC3E12 /* Resources */ = {
			isa = PBXGroup;
			children = (
				8D1107310486CEB800E47090 /* TwitThis-Info.plist */,
				3ACD67C1105AC26100CC3E12 /* TwitterClients.plist */,
				3ACD68CC105AD34800CC3E12 /* Entitlements.plist */,
				3ACD67BC105AC25900CC3E12 /* Settings.bundle */,
				3ACD677A105AC16A00CC3E12 /* NIBs */,
				3ACD67EF105AC63100CC3E12 /* Images */,
			);
			path = Resources;
			sourceTree = "<group>";
		};
		3ACD677A105AC16A00CC3E12 /* NIBs */ = {
			isa = PBXGroup;
			children = (
				3ACD677B105AC16A00CC3E12 /* MainWindow.xib */,
			);
			path = NIBs;
			sourceTree = "<group>";
		};
		3ACD67EF105AC63100CC3E12 /* Images */ = {
			isa = PBXGroup;
			children = (
				06367DD313A3E88700085A75 /* Tweetbot.png */,
				06367DD413A3E88700085A75 /* Tweetbot@2x.png */,
				060D17DF133E94E900A40E6C /* Twitter for iPhone.png */,
				060D17E0133E94E900A40E6C /* Twitter for iPhone@2x.png */,
				3ACD6853105ACA6800CC3E12 /* Default.png */,
				3ACD6845105AC9F300CC3E12 /* icon.png */,
				060D17E3133E99B700A40E6C /* Twitterrific@2x.png */,
				060D17E4133E99B700A40E6C /* Twitterrific.png */,
				3ACD67F2105AC63400CC3E12 /* Twittelator.png */,
			);
			path = Images;
			sourceTree = "<group>";
		};
/* End PBXGroup section */

/* Begin PBXNativeTarget section */
		1D6058900D05DD3D006BFB54 /* TwitThis */ = {
			isa = PBXNativeTarget;
			buildConfigurationList = 1D6058960D05DD3E006BFB54 /* Build configuration list for PBXNativeTarget "TwitThis" */;
			buildPhases = (
				1D60588D0D05DD3D006BFB54 /* Resources */,
				1D60588E0D05DD3D006BFB54 /* Sources */,
				1D60588F0D05DD3D006BFB54 /* Frameworks */,
			);
			buildRules = (
			);
			dependencies = (
			);
			name = TwitThis;
			productName = TwitThis;
			productReference = 1D6058910D05DD3D006BFB54 /* TwitThis.app */;
			productType = "com.apple.product-type.application";
		};
/* End PBXNativeTarget section */

/* Begin PBXProject section */
		29B97313FDCFA39411CA2CEA /* Project object */ = {
			isa = PBXProject;
			buildConfigurationList = C01FCF4E08A954540054247B /* Build configuration list for PBXProject "TwitThis" */;
			compatibilityVersion = "Xcode 3.1";
			developmentRegion = English;
			hasScannedForEncodings = 1;
			knownRegions = (
				en,
			);
			mainGroup = 29B97314FDCFA39411CA2CEA /* CustomTemplate */;
			projectDirPath = "";
			projectRoot = "";
			targets = (
				1D6058900D05DD3D006BFB54 /* TwitThis */,
			);
		};
/* End PBXProject section */

/* Begin PBXResourcesBuildPhase section */
		1D60588D0D05DD3D006BFB54 /* Resources */ = {
			isa = PBXResourcesBuildPhase;
			buildActionMask = 2147483647;
			files = (
				3ACD677D105AC16A00CC3E12 /* MainWindow.xib in Resources */,
				3ACD67BD105AC25900CC3E12 /* Settings.bundle in Resources */,
				3ACD67C2105AC26100CC3E12 /* TwitterClients.plist in Resources */,
				3ACD67F6105AC63400CC3E12 /* Twittelator.png in Resources */,
				3ACD6846105AC9F300CC3E12 /* icon.png in Resources */,
				3ACD6854105ACA6800CC3E12 /* Default.png in Resources */,
				3ACD68CD105AD34800CC3E12 /* Entitlements.plist in Resources */,
				060D17E1133E94E900A40E6C /* Twitter for iPhone.png in Resources */,
				060D17E2133E94E900A40E6C /* Twitter for iPhone@2x.png in Resources */,
				060D17E5133E99B700A40E6C /* Twitterrific@2x.png in Resources */,
				060D17E6133E99B700A40E6C /* Twitterrific.png in Resources */,
				06367DD513A3E88700085A75 /* Tweetbot.png in Resources */,
				06367DD613A3E88700085A75 /* Tweetbot@2x.png in Resources */,
			);
			runOnlyForDeploymentPostprocessing = 0;
		};
/* End PBXResourcesBuildPhase section */

/* Begin PBXSourcesBuildPhase section */
		1D60588E0D05DD3D006BFB54 /* Sources */ = {
			isa = PBXSourcesBuildPhase;
			buildActionMask = 2147483647;
			files = (
				1D60589B0D05DD56006BFB54 /* main.m in Sources */,
				3ACD6777105AC14100CC3E12 /* TwitThisAppDelegate.m in Sources */,
				3ACD6797105AC1C100CC3E12 /* TwitThisViewController.m in Sources */,
				3ACD67A3105AC20C00CC3E12 /* TwitterClient.m in Sources */,
				3ACD67A4105AC20C00CC3E12 /* TwitterClientManager.m in Sources */,
			);
			runOnlyForDeploymentPostprocessing = 0;
		};
/* End PBXSourcesBuildPhase section */

/* Begin XCBuildConfiguration section */
		1D6058940D05DD3E006BFB54 /* Debug */ = {
			isa = XCBuildConfiguration;
			buildSettings = {
				ALWAYS_SEARCH_USER_PATHS = NO;
				COPY_PHASE_STRIP = NO;
				GCC_DYNAMIC_NO_PIC = NO;
				GCC_OPTIMIZATION_LEVEL = 0;
				GCC_PRECOMPILE_PREFIX_HEADER = YES;
				GCC_PREFIX_HEADER = TwitThis_Prefix.pch;
				GCC_TREAT_WARNINGS_AS_ERRORS = YES;
				INFOPLIST_FILE = "TwitThis-Info.plist";
				PRODUCT_NAME = TwitThis;
			};
			name = Debug;
		};
		1D6058950D05DD3E006BFB54 /* Release */ = {
			isa = XCBuildConfiguration;
			buildSettings = {
				ALWAYS_SEARCH_USER_PATHS = NO;
				COPY_PHASE_STRIP = YES;
				GCC_PRECOMPILE_PREFIX_HEADER = YES;
				GCC_PREFIX_HEADER = TwitThis_Prefix.pch;
				INFOPLIST_FILE = "TwitThis-Info.plist";
				PRODUCT_NAME = TwitThis;
			};
			name = Release;
		};
		3ACD68CA105AD32D00CC3E12 /* Distribution Ad Hoc */ = {
			isa = XCBuildConfiguration;
			buildSettings = {
				ARCHS = "$(ARCHS_STANDARD_32_BIT)";
				"CODE_SIGN_IDENTITY[sdk=iphoneos*]" = "iPhone Developer";
				GCC_C_LANGUAGE_STANDARD = c99;
				GCC_WARN_ABOUT_RETURN_TYPE = YES;
				GCC_WARN_UNUSED_VARIABLE = YES;
				PREBINDING = NO;
				SDKROOT = iphoneos3.0;
			};
			name = "Distribution Ad Hoc";
		};
		3ACD68CB105AD32D00CC3E12 /* Distribution Ad Hoc */ = {
			isa = XCBuildConfiguration;
			buildSettings = {
				ALWAYS_SEARCH_USER_PATHS = NO;
				CODE_SIGN_ENTITLEMENTS = Resources/Entitlements.plist;
				"CODE_SIGN_IDENTITY[sdk=iphoneos*]" = "iPhone Distribution";
				COPY_PHASE_STRIP = YES;
				GCC_PRECOMPILE_PREFIX_HEADER = YES;
				GCC_PREFIX_HEADER = TwitThis_Prefix.pch;
				INFOPLIST_FILE = "TwitThis-Info.plist";
				PRODUCT_NAME = TwitThis;
				"PROVISIONING_PROFILE[sdk=iphoneos*]" = "";
			};
			name = "Distribution Ad Hoc";
		};
		C01FCF4F08A954540054247B /* Debug */ = {
			isa = XCBuildConfiguration;
			buildSettings = {
				ARCHS = "$(ARCHS_STANDARD_32_BIT)";
				"CODE_SIGN_IDENTITY[sdk=iphoneos*]" = "iPhone Developer";
				GCC_C_LANGUAGE_STANDARD = c99;
				GCC_WARN_ABOUT_RETURN_TYPE = YES;
				GCC_WARN_UNUSED_VARIABLE = YES;
				PREBINDING = NO;
				SDKROOT = iphoneos3.0;
			};
			name = Debug;
		};
		C01FCF5008A954540054247B /* Release */ = {
			isa = XCBuildConfiguration;
			buildSettings = {
				ARCHS = "$(ARCHS_STANDARD_32_BIT)";
				"CODE_SIGN_IDENTITY[sdk=iphoneos*]" = "iPhone Developer";
				GCC_C_LANGUAGE_STANDARD = c99;
				GCC_WARN_ABOUT_RETURN_TYPE = YES;
				GCC_WARN_UNUSED_VARIABLE = YES;
				PREBINDING = NO;
				SDKROOT = iphoneos3.0;
			};
			name = Release;
		};
/* End XCBuildConfiguration section */

/* Begin XCConfigurationList section */
		1D6058960D05DD3E006BFB54 /* Build configuration list for PBXNativeTarget "TwitThis" */ = {
			isa = XCConfigurationList;
			buildConfigurations = (
				1D6058940D05DD3E006BFB54 /* Debug */,
				1D6058950D05DD3E006BFB54 /* Release */,
				3ACD68CB105AD32D00CC3E12 /* Distribution Ad Hoc */,
			);
			defaultConfigurationIsVisible = 0;
			defaultConfigurationName = Release;
		};
		C01FCF4E08A954540054247B /* Build configuration list for PBXProject "TwitThis" */ = {
			isa = XCConfigurationList;
			buildConfigurations = (
				C01FCF4F08A954540054247B /* Debug */,
				C01FCF5008A954540054247B /* Release */,
				3ACD68CA105AD32D00CC3E12 /* Distribution Ad Hoc */,
			);
			defaultConfigurationIsVisible = 0;
			defaultConfigurationName = Release;
		};
/* End XCConfigurationList section */
	};
	rootObject = 29B97313FDCFA39411CA2CEA /* Project object */;
}
